// !$*UTF8*$!
{
	archiveVersion = 1;
	classes = {
	};
	objectVersion = 46;
	objects = {

/* Begin PBXBuildFile section */
		0A5172F08F8C6250CD528E94 /* Pods_IndigoOmtIosLibrary_Example.framework in Frameworks */ = {isa = PBXBuildFile; fileRef = 60676204E9AB7CBE985CD285 /* Pods_IndigoOmtIosLibrary_Example.framework */; };
		0C25817EDBE325051A8671C7 /* Pods_IndigoOmtIosLibrary_IntegrationTests.framework in Frameworks */ = {isa = PBXBuildFile; fileRef = E156DA7B34C74E49DFF23C72 /* Pods_IndigoOmtIosLibrary_IntegrationTests.framework */; };
		759DAB1576E9866FEFBD76BD /* Pods_IndigoOmtIosLibrary_Example.framework in Frameworks */ = {isa = PBXBuildFile; fileRef = 60676204E9AB7CBE985CD285 /* Pods_IndigoOmtIosLibrary_Example.framework */; };
		B1F3CDA4CD801963222AB59D /* Pods_IndigoOmtIosLibrary_ExampleIntegration.framework in Frameworks */ = {isa = PBXBuildFile; fileRef = 49C66FA43757550C54877357 /* Pods_IndigoOmtIosLibrary_ExampleIntegration.framework */; };
		D7083E2B1E9235C30024DCEC /* MainViewController.swift in Sources */ = {isa = PBXBuildFile; fileRef = D7BEF7371E2F983000ACD8DA /* MainViewController.swift */; };
		D7083E2C1E9235C30024DCEC /* AuthUtil.swift in Sources */ = {isa = PBXBuildFile; fileRef = D7DC97B21E3648F900C25191 /* AuthUtil.swift */; };
		D7083E2D1E9235C30024DCEC /* AppDelegate.swift in Sources */ = {isa = PBXBuildFile; fileRef = D7EAC7F91E2CBFE600110199 /* AppDelegate.swift */; };
		D7083E2E1E9235C30024DCEC /* DummyProvider.swift in Sources */ = {isa = PBXBuildFile; fileRef = D7C9C5B91E4C6F340073C50A /* DummyProvider.swift */; };
		D7083E2F1E9235C30024DCEC /* AuthConfig.swift in Sources */ = {isa = PBXBuildFile; fileRef = D7DC97B51E36495700C25191 /* AuthConfig.swift */; };
		D7083E301E9235C30024DCEC /* FileHelper.swift in Sources */ = {isa = PBXBuildFile; fileRef = D7565A5A1E911F2500FBAC45 /* FileHelper.swift */; };
		D7083E311E9235C30024DCEC /* LoginViewController.swift in Sources */ = {isa = PBXBuildFile; fileRef = D7EAC7FC1E2CBFE600110199 /* LoginViewController.swift */; };
		D7083E321E9235C30024DCEC /* FutureGatewayUtil.swift in Sources */ = {isa = PBXBuildFile; fileRef = D7ECDDA31E42280D0033A657 /* FutureGatewayUtil.swift */; };
		D7083E331E9235C30024DCEC /* UIHelper.swift in Sources */ = {isa = PBXBuildFile; fileRef = D7DF239C1E2E0DCB0037AA41 /* UIHelper.swift */; };
		D7083E341E9235C30024DCEC /* AppAuthAccessTokenProvider.swift in Sources */ = {isa = PBXBuildFile; fileRef = D784050F1E3B6394003B6684 /* AppAuthAccessTokenProvider.swift */; };
		D7083E351E9235C30024DCEC /* Constants.swift in Sources */ = {isa = PBXBuildFile; fileRef = D7DF23981E2CEA830037AA41 /* Constants.swift */; };
		D7083E361E9235C30024DCEC /* UserInfo.swift in Sources */ = {isa = PBXBuildFile; fileRef = D7860AB81E39F843007AC258 /* UserInfo.swift */; };
		D7083E371E9235C30024DCEC /* UIDesignHelper.swift in Sources */ = {isa = PBXBuildFile; fileRef = D7BEF7351E2F81B800ACD8DA /* UIDesignHelper.swift */; };
		D7083E381E9235C30024DCEC /* UserInfoApi.swift in Sources */ = {isa = PBXBuildFile; fileRef = D7860ABA1E39F85C007AC258 /* UserInfoApi.swift */; };
		D7083E3C1E9235C30024DCEC /* UnitTestsInfo.plist in Resources */ = {isa = PBXBuildFile; fileRef = D72EF3A11E8D256C00C0F183 /* UnitTestsInfo.plist */; };
		D7083E3D1E9235C30024DCEC /* Images.xcassets in Resources */ = {isa = PBXBuildFile; fileRef = D7EAC7FE1E2CBFE600110199 /* Images.xcassets */; };
		D7083E3E1E9235C30024DCEC /* LaunchScreen.xib in Resources */ = {isa = PBXBuildFile; fileRef = D7EAC8001E2CBFE600110199 /* LaunchScreen.xib */; };
		D7083E3F1E9235C30024DCEC /* Main.storyboard in Resources */ = {isa = PBXBuildFile; fileRef = D7EAC7FB1E2CBFE600110199 /* Main.storyboard */; };
		D7083E561E923C2A0024DCEC /* IntegrationTestsInfo.plist in Resources */ = {isa = PBXBuildFile; fileRef = D7083E551E923C2A0024DCEC /* IntegrationTestsInfo.plist */; };
		D71C16AE1E925D48003DC385 /* ApplicationCollectionApiSpec.swift in Sources */ = {isa = PBXBuildFile; fileRef = D71C16AD1E925D48003DC385 /* ApplicationCollectionApiSpec.swift */; };
		D72EF3A21E8D256C00C0F183 /* UnitTestsInfo.plist in Resources */ = {isa = PBXBuildFile; fileRef = D72EF3A11E8D256C00C0F183 /* UnitTestsInfo.plist */; };
		D72EF3BD1E8D257700C0F183 /* DataRequestSpec.swift in Sources */ = {isa = PBXBuildFile; fileRef = D72EF3A41E8D257700C0F183 /* DataRequestSpec.swift */; };
		D72EF3BE1E8D257700C0F183 /* FGAbstractPayloadSpec.swift in Sources */ = {isa = PBXBuildFile; fileRef = D72EF3A51E8D257700C0F183 /* FGAbstractPayloadSpec.swift */; };
		D72EF3BF1E8D257700C0F183 /* FGAlamofireRequestHelperSpec.swift in Sources */ = {isa = PBXBuildFile; fileRef = D72EF3A61E8D257700C0F183 /* FGAlamofireRequestHelperSpec.swift */; };
		D72EF3C01E8D257700C0F183 /* FGApiLinkSpec.swift in Sources */ = {isa = PBXBuildFile; fileRef = D72EF3A71E8D257700C0F183 /* FGApiLinkSpec.swift */; };
		D72EF3C11E8D257700C0F183 /* FGApiRootSpec.swift in Sources */ = {isa = PBXBuildFile; fileRef = D72EF3A81E8D257700C0F183 /* FGApiRootSpec.swift */; };
		D72EF3C21E8D257700C0F183 /* FGApiRootVersionSpec.swift in Sources */ = {isa = PBXBuildFile; fileRef = D72EF3A91E8D257700C0F183 /* FGApiRootVersionSpec.swift */; };
		D72EF3C31E8D257700C0F183 /* FGApplicationCollectionApiSpec.swift in Sources */ = {isa = PBXBuildFile; fileRef = D72EF3AA1E8D257700C0F183 /* FGApplicationCollectionApiSpec.swift */; };
		D72EF3C41E8D257700C0F183 /* FGApplicationCollectionSpec.swift in Sources */ = {isa = PBXBuildFile; fileRef = D72EF3AB1E8D257700C0F183 /* FGApplicationCollectionSpec.swift */; };
		D72EF3C51E8D257700C0F183 /* FGApplicationSpec.swift.swift in Sources */ = {isa = PBXBuildFile; fileRef = D72EF3AC1E8D257700C0F183 /* FGApplicationSpec.swift.swift */; };
		D72EF3C61E8D257700C0F183 /* FGDateUtilSpec.swift in Sources */ = {isa = PBXBuildFile; fileRef = D72EF3AD1E8D257700C0F183 /* FGDateUtilSpec.swift */; };
		D72EF3C71E8D257700C0F183 /* FGEmptyObjectSpec.swift in Sources */ = {isa = PBXBuildFile; fileRef = D72EF3AE1E8D257700C0F183 /* FGEmptyObjectSpec.swift */; };
		D72EF3C81E8D257700C0F183 /* FGFileApiSpec.swift in Sources */ = {isa = PBXBuildFile; fileRef = D72EF3AF1E8D257700C0F183 /* FGFileApiSpec.swift */; };
		D72EF3C91E8D257700C0F183 /* FGFutureGatewaySpec.swift in Sources */ = {isa = PBXBuildFile; fileRef = D72EF3B01E8D257700C0F183 /* FGFutureGatewaySpec.swift */; };
		D72EF3CA1E8D257700C0F183 /* FGInfrastructureSpec.swift in Sources */ = {isa = PBXBuildFile; fileRef = D72EF3B11E8D257700C0F183 /* FGInfrastructureSpec.swift */; };
		D72EF3CB1E8D257700C0F183 /* FGInputFileSpec.swift in Sources */ = {isa = PBXBuildFile; fileRef = D72EF3B21E8D257700C0F183 /* FGInputFileSpec.swift */; };
		D72EF3CC1E8D257700C0F183 /* FGMessageObjectSpec.swift in Sources */ = {isa = PBXBuildFile; fileRef = D72EF3B31E8D257700C0F183 /* FGMessageObjectSpec.swift */; };
		D72EF3CD1E8D257700C0F183 /* FGOutputFileSpec.swift in Sources */ = {isa = PBXBuildFile; fileRef = D72EF3B41E8D257700C0F183 /* FGOutputFileSpec.swift */; };
		D72EF3CE1E8D257700C0F183 /* FGRootApiResolverSpec.swift in Sources */ = {isa = PBXBuildFile; fileRef = D72EF3B51E8D257700C0F183 /* FGRootApiResolverSpec.swift */; };
		D72EF3CF1E8D257700C0F183 /* FGRuntimeDataObjectSpec.swift in Sources */ = {isa = PBXBuildFile; fileRef = D72EF3B61E8D257700C0F183 /* FGRuntimeDataObjectSpec.swift */; };
		D72EF3D01E8D257700C0F183 /* FGSessionHelperSpec.swift in Sources */ = {isa = PBXBuildFile; fileRef = D72EF3B71E8D257700C0F183 /* FGSessionHelperSpec.swift */; };
		D72EF3D11E8D257700C0F183 /* FGTaskApiSpec.swift in Sources */ = {isa = PBXBuildFile; fileRef = D72EF3B81E8D257700C0F183 /* FGTaskApiSpec.swift */; };
		D72EF3D21E8D257700C0F183 /* FGTaskCollectionApiSpec.swift in Sources */ = {isa = PBXBuildFile; fileRef = D72EF3B91E8D257700C0F183 /* FGTaskCollectionApiSpec.swift */; };
		D72EF3D31E8D257700C0F183 /* FGTaskCollectionSpec.swift in Sources */ = {isa = PBXBuildFile; fileRef = D72EF3BA1E8D257700C0F183 /* FGTaskCollectionSpec.swift */; };
		D72EF3D41E8D257700C0F183 /* FGTaskSpec.swift in Sources */ = {isa = PBXBuildFile; fileRef = D72EF3BB1E8D257700C0F183 /* FGTaskSpec.swift */; };
		D72EF3D51E8D257700C0F183 /* FGUploadResponseSpec.swift in Sources */ = {isa = PBXBuildFile; fileRef = D72EF3BC1E8D257700C0F183 /* FGUploadResponseSpec.swift */; };
		D7565A5B1E911F2500FBAC45 /* FileHelper.swift in Sources */ = {isa = PBXBuildFile; fileRef = D7565A5A1E911F2500FBAC45 /* FileHelper.swift */; };
		D760F5121E55B850004419C3 /* DummyResolver.swift in Sources */ = {isa = PBXBuildFile; fileRef = D760F5111E55B850004419C3 /* DummyResolver.swift */; };
		D77D5FB71E93A56600C7ABCB /* InfoIntegration.plist in Resources */ = {isa = PBXBuildFile; fileRef = D77D5FB61E93A56600C7ABCB /* InfoIntegration.plist */; };
		D78405101E3B6394003B6684 /* AppAuthAccessTokenProvider.swift in Sources */ = {isa = PBXBuildFile; fileRef = D784050F1E3B6394003B6684 /* AppAuthAccessTokenProvider.swift */; };
		D7860AB91E39F843007AC258 /* UserInfo.swift in Sources */ = {isa = PBXBuildFile; fileRef = D7860AB81E39F843007AC258 /* UserInfo.swift */; };
		D7860ABB1E39F85C007AC258 /* UserInfoApi.swift in Sources */ = {isa = PBXBuildFile; fileRef = D7860ABA1E39F85C007AC258 /* UserInfoApi.swift */; };
		D7919A621E9250E700B15412 /* ApiRootSpec.swift in Sources */ = {isa = PBXBuildFile; fileRef = D7919A611E9250E700B15412 /* ApiRootSpec.swift */; };
		D7919A631E92510400B15412 /* Constants.swift in Sources */ = {isa = PBXBuildFile; fileRef = D7C9C5D61E4DA4E10073C50A /* Constants.swift */; };
		D7919A641E92581800B15412 /* DummyError.swift in Sources */ = {isa = PBXBuildFile; fileRef = D7C9C5B31E4C61EF0073C50A /* DummyError.swift */; };
		D7919A651E92581800B15412 /* DummyHelper.swift in Sources */ = {isa = PBXBuildFile; fileRef = D7C9C5B41E4C61EF0073C50A /* DummyHelper.swift */; };
		D7919A661E92581800B15412 /* DummyProvider.swift in Sources */ = {isa = PBXBuildFile; fileRef = D7C9C5B91E4C6F340073C50A /* DummyProvider.swift */; };
		D7919A671E92581800B15412 /* DummyResolver.swift in Sources */ = {isa = PBXBuildFile; fileRef = D760F5111E55B850004419C3 /* DummyResolver.swift */; };
		D7919A681E92581800B15412 /* Global.swift in Sources */ = {isa = PBXBuildFile; fileRef = D7C9C5B71E4C66710073C50A /* Global.swift */; };
		D7919A691E92581800B15412 /* FileHelper.swift in Sources */ = {isa = PBXBuildFile; fileRef = D7565A5A1E911F2500FBAC45 /* FileHelper.swift */; };
		D794903A1E9261DC0020FF4F /* TaskCollectionApiSpec.swift in Sources */ = {isa = PBXBuildFile; fileRef = D79490391E9261DC0020FF4F /* TaskCollectionApiSpec.swift */; };
		D794903C1E9261EC0020FF4F /* FileApiSpec.swift in Sources */ = {isa = PBXBuildFile; fileRef = D794903B1E9261EC0020FF4F /* FileApiSpec.swift */; };
		D794903E1E9289A20020FF4F /* TaskApiSpec.swift in Sources */ = {isa = PBXBuildFile; fileRef = D794903D1E9289A20020FF4F /* TaskApiSpec.swift */; };
		D7A368331E914EC8004A998F /* FileHelper.swift in Sources */ = {isa = PBXBuildFile; fileRef = D7565A5A1E911F2500FBAC45 /* FileHelper.swift */; };
		D7BEF7361E2F81B800ACD8DA /* UIDesignHelper.swift in Sources */ = {isa = PBXBuildFile; fileRef = D7BEF7351E2F81B800ACD8DA /* UIDesignHelper.swift */; };
		D7BEF7381E2F983000ACD8DA /* MainViewController.swift in Sources */ = {isa = PBXBuildFile; fileRef = D7BEF7371E2F983000ACD8DA /* MainViewController.swift */; };
		D7C9C5B51E4C61EF0073C50A /* DummyError.swift in Sources */ = {isa = PBXBuildFile; fileRef = D7C9C5B31E4C61EF0073C50A /* DummyError.swift */; };
		D7C9C5B61E4C61EF0073C50A /* DummyHelper.swift in Sources */ = {isa = PBXBuildFile; fileRef = D7C9C5B41E4C61EF0073C50A /* DummyHelper.swift */; };
		D7C9C5B81E4C66710073C50A /* Global.swift in Sources */ = {isa = PBXBuildFile; fileRef = D7C9C5B71E4C66710073C50A /* Global.swift */; };
		D7C9C5BA1E4C6F340073C50A /* DummyProvider.swift in Sources */ = {isa = PBXBuildFile; fileRef = D7C9C5B91E4C6F340073C50A /* DummyProvider.swift */; };
		D7C9C5D51E4CB7750073C50A /* DummyProvider.swift in Sources */ = {isa = PBXBuildFile; fileRef = D7C9C5B91E4C6F340073C50A /* DummyProvider.swift */; };
		D7C9C5D71E4DA4E10073C50A /* Constants.swift in Sources */ = {isa = PBXBuildFile; fileRef = D7C9C5D61E4DA4E10073C50A /* Constants.swift */; };
		D7DC97B31E3648F900C25191 /* AuthUtil.swift in Sources */ = {isa = PBXBuildFile; fileRef = D7DC97B21E3648F900C25191 /* AuthUtil.swift */; };
		D7DC97B61E36495700C25191 /* AuthConfig.swift in Sources */ = {isa = PBXBuildFile; fileRef = D7DC97B51E36495700C25191 /* AuthConfig.swift */; };
		D7DF23991E2CEA830037AA41 /* Constants.swift in Sources */ = {isa = PBXBuildFile; fileRef = D7DF23981E2CEA830037AA41 /* Constants.swift */; };
		D7DF239D1E2E0DCB0037AA41 /* UIHelper.swift in Sources */ = {isa = PBXBuildFile; fileRef = D7DF239C1E2E0DCB0037AA41 /* UIHelper.swift */; };
		D7EAC8011E2CBFE600110199 /* AppDelegate.swift in Sources */ = {isa = PBXBuildFile; fileRef = D7EAC7F91E2CBFE600110199 /* AppDelegate.swift */; };
		D7EAC8021E2CBFE600110199 /* Main.storyboard in Resources */ = {isa = PBXBuildFile; fileRef = D7EAC7FB1E2CBFE600110199 /* Main.storyboard */; };
		D7EAC8031E2CBFE600110199 /* LoginViewController.swift in Sources */ = {isa = PBXBuildFile; fileRef = D7EAC7FC1E2CBFE600110199 /* LoginViewController.swift */; };
		D7EAC8041E2CBFE600110199 /* Images.xcassets in Resources */ = {isa = PBXBuildFile; fileRef = D7EAC7FE1E2CBFE600110199 /* Images.xcassets */; };
		D7EAC8061E2CBFE600110199 /* LaunchScreen.xib in Resources */ = {isa = PBXBuildFile; fileRef = D7EAC8001E2CBFE600110199 /* LaunchScreen.xib */; };
		D7ECDDA51E422A680033A657 /* FutureGatewayUtil.swift in Sources */ = {isa = PBXBuildFile; fileRef = D7ECDDA31E42280D0033A657 /* FutureGatewayUtil.swift */; };
		E5AB89A8A861EA33F3AA96BF /* Pods_IndigoOmtIosLibrary_UnitTests.framework in Frameworks */ = {isa = PBXBuildFile; fileRef = 1BED5DC6E6C37DBB10CE43E7 /* Pods_IndigoOmtIosLibrary_UnitTests.framework */; };
/* End PBXBuildFile section */

/* Begin PBXContainerItemProxy section */
		D7083E501E9235F70024DCEC /* PBXContainerItemProxy */ = {
			isa = PBXContainerItemProxy;
			containerPortal = 607FACC81AFB9204008FA782 /* Project object */;
			proxyType = 1;
			remoteGlobalIDString = D7083E281E9235C30024DCEC;
			remoteInfo = IndigoOmtIosLibrary_ExampleIntegration;
		};
		D7565A581E9119EB00FBAC45 /* PBXContainerItemProxy */ = {
			isa = PBXContainerItemProxy;
			containerPortal = 607FACC81AFB9204008FA782 /* Project object */;
			proxyType = 1;
			remoteGlobalIDString = 607FACCF1AFB9204008FA782;
			remoteInfo = IndigoOmtIosLibrary_Example;
		};
/* End PBXContainerItemProxy section */

/* Begin PBXFileReference section */
		16BA07D6AE6CD1E1C13EA49B /* IndigoOmtIosLibrary.podspec */ = {isa = PBXFileReference; includeInIndex = 1; lastKnownFileType = text; name = IndigoOmtIosLibrary.podspec; path = ../IndigoOmtIosLibrary.podspec; sourceTree = "<group>"; };
		196753D51AFE0A90AEA2D4B0 /* Pods-IndigoOmtIosLibrary_ExampleIntegration.debug.xcconfig */ = {isa = PBXFileReference; includeInIndex = 1; lastKnownFileType = text.xcconfig; name = "Pods-IndigoOmtIosLibrary_ExampleIntegration.debug.xcconfig"; path = "Pods/Target Support Files/Pods-IndigoOmtIosLibrary_ExampleIntegration/Pods-IndigoOmtIosLibrary_ExampleIntegration.debug.xcconfig"; sourceTree = "<group>"; };
		1BED5DC6E6C37DBB10CE43E7 /* Pods_IndigoOmtIosLibrary_UnitTests.framework */ = {isa = PBXFileReference; explicitFileType = wrapper.framework; includeInIndex = 0; path = Pods_IndigoOmtIosLibrary_UnitTests.framework; sourceTree = BUILT_PRODUCTS_DIR; };
		2CBECFD96A4DC5B07821F182 /* Pods-IndigoOmtIosLibrary_Example.release.xcconfig */ = {isa = PBXFileReference; includeInIndex = 1; lastKnownFileType = text.xcconfig; name = "Pods-IndigoOmtIosLibrary_Example.release.xcconfig"; path = "Pods/Target Support Files/Pods-IndigoOmtIosLibrary_Example/Pods-IndigoOmtIosLibrary_Example.release.xcconfig"; sourceTree = "<group>"; };
		49C66FA43757550C54877357 /* Pods_IndigoOmtIosLibrary_ExampleIntegration.framework */ = {isa = PBXFileReference; explicitFileType = wrapper.framework; includeInIndex = 0; path = Pods_IndigoOmtIosLibrary_ExampleIntegration.framework; sourceTree = BUILT_PRODUCTS_DIR; };
		4C00B870491E375105221CD3 /* Pods-IndigoOmtIosLibrary_UnitTests.release.xcconfig */ = {isa = PBXFileReference; includeInIndex = 1; lastKnownFileType = text.xcconfig; name = "Pods-IndigoOmtIosLibrary_UnitTests.release.xcconfig"; path = "Pods/Target Support Files/Pods-IndigoOmtIosLibrary_UnitTests/Pods-IndigoOmtIosLibrary_UnitTests.release.xcconfig"; sourceTree = "<group>"; };
		57C866723DB4274EDE22F5C2 /* README.md */ = {isa = PBXFileReference; includeInIndex = 1; lastKnownFileType = net.daringfireball.markdown; name = README.md; path = ../README.md; sourceTree = "<group>"; };
		60676204E9AB7CBE985CD285 /* Pods_IndigoOmtIosLibrary_Example.framework */ = {isa = PBXFileReference; explicitFileType = wrapper.framework; includeInIndex = 0; path = Pods_IndigoOmtIosLibrary_Example.framework; sourceTree = BUILT_PRODUCTS_DIR; };
		607FACD01AFB9204008FA782 /* IndigoOmtIosLibrary_Example.app */ = {isa = PBXFileReference; explicitFileType = wrapper.application; includeInIndex = 0; path = IndigoOmtIosLibrary_Example.app; sourceTree = BUILT_PRODUCTS_DIR; };
		607FACE51AFB9204008FA782 /* IndigoOmtIosLibrary_UnitTests.xctest */ = {isa = PBXFileReference; explicitFileType = wrapper.cfbundle; includeInIndex = 0; path = IndigoOmtIosLibrary_UnitTests.xctest; sourceTree = BUILT_PRODUCTS_DIR; };
		67D6B917ACE2BE80436FFE7C /* Pods_IndigoOmtIosLibrary_Tests.framework */ = {isa = PBXFileReference; explicitFileType = wrapper.framework; includeInIndex = 0; path = Pods_IndigoOmtIosLibrary_Tests.framework; sourceTree = BUILT_PRODUCTS_DIR; };
		6C57CA1746746D432BB58058 /* Pods-IndigoOmtIosLibrary_Example.debug.xcconfig */ = {isa = PBXFileReference; includeInIndex = 1; lastKnownFileType = text.xcconfig; name = "Pods-IndigoOmtIosLibrary_Example.debug.xcconfig"; path = "Pods/Target Support Files/Pods-IndigoOmtIosLibrary_Example/Pods-IndigoOmtIosLibrary_Example.debug.xcconfig"; sourceTree = "<group>"; };
		8348C5C6D8D1E529EC7A9AD1 /* Pods-IndigoOmtIosLibrary_UnitTests.debug.xcconfig */ = {isa = PBXFileReference; includeInIndex = 1; lastKnownFileType = text.xcconfig; name = "Pods-IndigoOmtIosLibrary_UnitTests.debug.xcconfig"; path = "Pods/Target Support Files/Pods-IndigoOmtIosLibrary_UnitTests/Pods-IndigoOmtIosLibrary_UnitTests.debug.xcconfig"; sourceTree = "<group>"; };
		8AFE4D6AFE87B55B2E647AA4 /* LICENSE */ = {isa = PBXFileReference; includeInIndex = 1; lastKnownFileType = text; name = LICENSE; path = ../LICENSE; sourceTree = "<group>"; };
		935FDE21EF34EB67EA221C50 /* Pods-IndigoOmtIosLibrary_ExampleIntegration.release.xcconfig */ = {isa = PBXFileReference; includeInIndex = 1; lastKnownFileType = text.xcconfig; name = "Pods-IndigoOmtIosLibrary_ExampleIntegration.release.xcconfig"; path = "Pods/Target Support Files/Pods-IndigoOmtIosLibrary_ExampleIntegration/Pods-IndigoOmtIosLibrary_ExampleIntegration.release.xcconfig"; sourceTree = "<group>"; };
		D0322E5CA941507591B2D642 /* Pods-IndigoOmtIosLibrary_IntegrationTests.debug.xcconfig */ = {isa = PBXFileReference; includeInIndex = 1; lastKnownFileType = text.xcconfig; name = "Pods-IndigoOmtIosLibrary_IntegrationTests.debug.xcconfig"; path = "Pods/Target Support Files/Pods-IndigoOmtIosLibrary_IntegrationTests/Pods-IndigoOmtIosLibrary_IntegrationTests.debug.xcconfig"; sourceTree = "<group>"; };
		D7083E451E9235C30024DCEC /* IndigoOmtIosLibrary_ExampleIntegration.app */ = {isa = PBXFileReference; explicitFileType = wrapper.application; includeInIndex = 0; path = IndigoOmtIosLibrary_ExampleIntegration.app; sourceTree = BUILT_PRODUCTS_DIR; };
		D7083E4B1E9235F70024DCEC /* IndigoOmtIosLibrary_IntegrationTests.xctest */ = {isa = PBXFileReference; explicitFileType = wrapper.cfbundle; includeInIndex = 0; path = IndigoOmtIosLibrary_IntegrationTests.xctest; sourceTree = BUILT_PRODUCTS_DIR; };
		D7083E551E923C2A0024DCEC /* IntegrationTestsInfo.plist */ = {isa = PBXFileReference; fileEncoding = 4; lastKnownFileType = text.plist.xml; path = IntegrationTestsInfo.plist; sourceTree = "<group>"; };
		D71C16AD1E925D48003DC385 /* ApplicationCollectionApiSpec.swift */ = {isa = PBXFileReference; fileEncoding = 4; lastKnownFileType = sourcecode.swift; path = ApplicationCollectionApiSpec.swift; sourceTree = "<group>"; };
		D72EF3A11E8D256C00C0F183 /* UnitTestsInfo.plist */ = {isa = PBXFileReference; fileEncoding = 4; lastKnownFileType = text.plist.xml; path = UnitTestsInfo.plist; sourceTree = "<group>"; };
		D72EF3A41E8D257700C0F183 /* DataRequestSpec.swift */ = {isa = PBXFileReference; fileEncoding = 4; lastKnownFileType = sourcecode.swift; path = DataRequestSpec.swift; sourceTree = "<group>"; };
		D72EF3A51E8D257700C0F183 /* FGAbstractPayloadSpec.swift */ = {isa = PBXFileReference; fileEncoding = 4; lastKnownFileType = sourcecode.swift; path = FGAbstractPayloadSpec.swift; sourceTree = "<group>"; };
		D72EF3A61E8D257700C0F183 /* FGAlamofireRequestHelperSpec.swift */ = {isa = PBXFileReference; fileEncoding = 4; lastKnownFileType = sourcecode.swift; path = FGAlamofireRequestHelperSpec.swift; sourceTree = "<group>"; };
		D72EF3A71E8D257700C0F183 /* FGApiLinkSpec.swift */ = {isa = PBXFileReference; fileEncoding = 4; lastKnownFileType = sourcecode.swift; path = FGApiLinkSpec.swift; sourceTree = "<group>"; };
		D72EF3A81E8D257700C0F183 /* FGApiRootSpec.swift */ = {isa = PBXFileReference; fileEncoding = 4; lastKnownFileType = sourcecode.swift; path = FGApiRootSpec.swift; sourceTree = "<group>"; };
		D72EF3A91E8D257700C0F183 /* FGApiRootVersionSpec.swift */ = {isa = PBXFileReference; fileEncoding = 4; lastKnownFileType = sourcecode.swift; path = FGApiRootVersionSpec.swift; sourceTree = "<group>"; };
		D72EF3AA1E8D257700C0F183 /* FGApplicationCollectionApiSpec.swift */ = {isa = PBXFileReference; fileEncoding = 4; lastKnownFileType = sourcecode.swift; path = FGApplicationCollectionApiSpec.swift; sourceTree = "<group>"; };
		D72EF3AB1E8D257700C0F183 /* FGApplicationCollectionSpec.swift */ = {isa = PBXFileReference; fileEncoding = 4; lastKnownFileType = sourcecode.swift; path = FGApplicationCollectionSpec.swift; sourceTree = "<group>"; };
		D72EF3AC1E8D257700C0F183 /* FGApplicationSpec.swift.swift */ = {isa = PBXFileReference; fileEncoding = 4; lastKnownFileType = sourcecode.swift; path = FGApplicationSpec.swift.swift; sourceTree = "<group>"; };
		D72EF3AD1E8D257700C0F183 /* FGDateUtilSpec.swift */ = {isa = PBXFileReference; fileEncoding = 4; lastKnownFileType = sourcecode.swift; path = FGDateUtilSpec.swift; sourceTree = "<group>"; };
		D72EF3AE1E8D257700C0F183 /* FGEmptyObjectSpec.swift */ = {isa = PBXFileReference; fileEncoding = 4; lastKnownFileType = sourcecode.swift; path = FGEmptyObjectSpec.swift; sourceTree = "<group>"; };
		D72EF3AF1E8D257700C0F183 /* FGFileApiSpec.swift */ = {isa = PBXFileReference; fileEncoding = 4; lastKnownFileType = sourcecode.swift; path = FGFileApiSpec.swift; sourceTree = "<group>"; };
		D72EF3B01E8D257700C0F183 /* FGFutureGatewaySpec.swift */ = {isa = PBXFileReference; fileEncoding = 4; lastKnownFileType = sourcecode.swift; path = FGFutureGatewaySpec.swift; sourceTree = "<group>"; };
		D72EF3B11E8D257700C0F183 /* FGInfrastructureSpec.swift */ = {isa = PBXFileReference; fileEncoding = 4; lastKnownFileType = sourcecode.swift; path = FGInfrastructureSpec.swift; sourceTree = "<group>"; };
		D72EF3B21E8D257700C0F183 /* FGInputFileSpec.swift */ = {isa = PBXFileReference; fileEncoding = 4; lastKnownFileType = sourcecode.swift; path = FGInputFileSpec.swift; sourceTree = "<group>"; };
		D72EF3B31E8D257700C0F183 /* FGMessageObjectSpec.swift */ = {isa = PBXFileReference; fileEncoding = 4; lastKnownFileType = sourcecode.swift; path = FGMessageObjectSpec.swift; sourceTree = "<group>"; };
		D72EF3B41E8D257700C0F183 /* FGOutputFileSpec.swift */ = {isa = PBXFileReference; fileEncoding = 4; lastKnownFileType = sourcecode.swift; path = FGOutputFileSpec.swift; sourceTree = "<group>"; };
		D72EF3B51E8D257700C0F183 /* FGRootApiResolverSpec.swift */ = {isa = PBXFileReference; fileEncoding = 4; lastKnownFileType = sourcecode.swift; path = FGRootApiResolverSpec.swift; sourceTree = "<group>"; };
		D72EF3B61E8D257700C0F183 /* FGRuntimeDataObjectSpec.swift */ = {isa = PBXFileReference; fileEncoding = 4; lastKnownFileType = sourcecode.swift; path = FGRuntimeDataObjectSpec.swift; sourceTree = "<group>"; };
		D72EF3B71E8D257700C0F183 /* FGSessionHelperSpec.swift */ = {isa = PBXFileReference; fileEncoding = 4; lastKnownFileType = sourcecode.swift; path = FGSessionHelperSpec.swift; sourceTree = "<group>"; };
		D72EF3B81E8D257700C0F183 /* FGTaskApiSpec.swift */ = {isa = PBXFileReference; fileEncoding = 4; lastKnownFileType = sourcecode.swift; path = FGTaskApiSpec.swift; sourceTree = "<group>"; };
		D72EF3B91E8D257700C0F183 /* FGTaskCollectionApiSpec.swift */ = {isa = PBXFileReference; fileEncoding = 4; lastKnownFileType = sourcecode.swift; path = FGTaskCollectionApiSpec.swift; sourceTree = "<group>"; };
		D72EF3BA1E8D257700C0F183 /* FGTaskCollectionSpec.swift */ = {isa = PBXFileReference; fileEncoding = 4; lastKnownFileType = sourcecode.swift; path = FGTaskCollectionSpec.swift; sourceTree = "<group>"; };
		D72EF3BB1E8D257700C0F183 /* FGTaskSpec.swift */ = {isa = PBXFileReference; fileEncoding = 4; lastKnownFileType = sourcecode.swift; path = FGTaskSpec.swift; sourceTree = "<group>"; };
		D72EF3BC1E8D257700C0F183 /* FGUploadResponseSpec.swift */ = {isa = PBXFileReference; fileEncoding = 4; lastKnownFileType = sourcecode.swift; path = FGUploadResponseSpec.swift; sourceTree = "<group>"; };
		D7565A5A1E911F2500FBAC45 /* FileHelper.swift */ = {isa = PBXFileReference; fileEncoding = 4; lastKnownFileType = sourcecode.swift; path = FileHelper.swift; sourceTree = "<group>"; };
		D760F5111E55B850004419C3 /* DummyResolver.swift */ = {isa = PBXFileReference; fileEncoding = 4; lastKnownFileType = sourcecode.swift; path = DummyResolver.swift; sourceTree = "<group>"; };
		D77D5FB61E93A56600C7ABCB /* InfoIntegration.plist */ = {isa = PBXFileReference; fileEncoding = 4; lastKnownFileType = text.plist.xml; path = InfoIntegration.plist; sourceTree = "<group>"; };
		D784050F1E3B6394003B6684 /* AppAuthAccessTokenProvider.swift */ = {isa = PBXFileReference; fileEncoding = 4; lastKnownFileType = sourcecode.swift; path = AppAuthAccessTokenProvider.swift; sourceTree = "<group>"; };
		D7860AB81E39F843007AC258 /* UserInfo.swift */ = {isa = PBXFileReference; fileEncoding = 4; lastKnownFileType = sourcecode.swift; path = UserInfo.swift; sourceTree = "<group>"; };
		D7860ABA1E39F85C007AC258 /* UserInfoApi.swift */ = {isa = PBXFileReference; fileEncoding = 4; lastKnownFileType = sourcecode.swift; path = UserInfoApi.swift; sourceTree = "<group>"; };
		D7919A611E9250E700B15412 /* ApiRootSpec.swift */ = {isa = PBXFileReference; fileEncoding = 4; lastKnownFileType = sourcecode.swift; path = ApiRootSpec.swift; sourceTree = "<group>"; };
		D79490391E9261DC0020FF4F /* TaskCollectionApiSpec.swift */ = {isa = PBXFileReference; fileEncoding = 4; lastKnownFileType = sourcecode.swift; path = TaskCollectionApiSpec.swift; sourceTree = "<group>"; };
		D794903B1E9261EC0020FF4F /* FileApiSpec.swift */ = {isa = PBXFileReference; fileEncoding = 4; lastKnownFileType = sourcecode.swift; path = FileApiSpec.swift; sourceTree = "<group>"; };
		D794903D1E9289A20020FF4F /* TaskApiSpec.swift */ = {isa = PBXFileReference; fileEncoding = 4; lastKnownFileType = sourcecode.swift; path = TaskApiSpec.swift; sourceTree = "<group>"; };
		D7BEF7351E2F81B800ACD8DA /* UIDesignHelper.swift */ = {isa = PBXFileReference; fileEncoding = 4; lastKnownFileType = sourcecode.swift; path = UIDesignHelper.swift; sourceTree = "<group>"; };
		D7BEF7371E2F983000ACD8DA /* MainViewController.swift */ = {isa = PBXFileReference; fileEncoding = 4; lastKnownFileType = sourcecode.swift; path = MainViewController.swift; sourceTree = "<group>"; };
		D7C9C5B31E4C61EF0073C50A /* DummyError.swift */ = {isa = PBXFileReference; fileEncoding = 4; lastKnownFileType = sourcecode.swift; path = DummyError.swift; sourceTree = "<group>"; };
		D7C9C5B41E4C61EF0073C50A /* DummyHelper.swift */ = {isa = PBXFileReference; fileEncoding = 4; lastKnownFileType = sourcecode.swift; path = DummyHelper.swift; sourceTree = "<group>"; };
		D7C9C5B71E4C66710073C50A /* Global.swift */ = {isa = PBXFileReference; fileEncoding = 4; lastKnownFileType = sourcecode.swift; path = Global.swift; sourceTree = "<group>"; };
		D7C9C5B91E4C6F340073C50A /* DummyProvider.swift */ = {isa = PBXFileReference; fileEncoding = 4; lastKnownFileType = sourcecode.swift; path = DummyProvider.swift; sourceTree = "<group>"; };
		D7C9C5D61E4DA4E10073C50A /* Constants.swift */ = {isa = PBXFileReference; fileEncoding = 4; lastKnownFileType = sourcecode.swift; path = Constants.swift; sourceTree = "<group>"; };
		D7DC97B21E3648F900C25191 /* AuthUtil.swift */ = {isa = PBXFileReference; fileEncoding = 4; lastKnownFileType = sourcecode.swift; path = AuthUtil.swift; sourceTree = "<group>"; };
		D7DC97B51E36495700C25191 /* AuthConfig.swift */ = {isa = PBXFileReference; fileEncoding = 4; lastKnownFileType = sourcecode.swift; path = AuthConfig.swift; sourceTree = "<group>"; };
		D7DF23981E2CEA830037AA41 /* Constants.swift */ = {isa = PBXFileReference; fileEncoding = 4; lastKnownFileType = sourcecode.swift; path = Constants.swift; sourceTree = "<group>"; };
		D7DF239C1E2E0DCB0037AA41 /* UIHelper.swift */ = {isa = PBXFileReference; fileEncoding = 4; lastKnownFileType = sourcecode.swift; path = UIHelper.swift; sourceTree = "<group>"; };
		D7EAC7F91E2CBFE600110199 /* AppDelegate.swift */ = {isa = PBXFileReference; fileEncoding = 4; lastKnownFileType = sourcecode.swift; path = AppDelegate.swift; sourceTree = "<group>"; };
		D7EAC7FB1E2CBFE600110199 /* Main.storyboard */ = {isa = PBXFileReference; fileEncoding = 4; lastKnownFileType = file.storyboard; path = Main.storyboard; sourceTree = "<group>"; };
		D7EAC7FC1E2CBFE600110199 /* LoginViewController.swift */ = {isa = PBXFileReference; fileEncoding = 4; lastKnownFileType = sourcecode.swift; path = LoginViewController.swift; sourceTree = "<group>"; };
		D7EAC7FE1E2CBFE600110199 /* Images.xcassets */ = {isa = PBXFileReference; lastKnownFileType = folder.assetcatalog; path = Images.xcassets; sourceTree = "<group>"; };
		D7EAC7FF1E2CBFE600110199 /* Info.plist */ = {isa = PBXFileReference; fileEncoding = 4; lastKnownFileType = text.plist.xml; path = Info.plist; sourceTree = "<group>"; };
		D7EAC8001E2CBFE600110199 /* LaunchScreen.xib */ = {isa = PBXFileReference; fileEncoding = 4; lastKnownFileType = file.xib; path = LaunchScreen.xib; sourceTree = "<group>"; };
		D7ECDD701E4209AC0033A657 /* Alamofire.framework */ = {isa = PBXFileReference; lastKnownFileType = wrapper.framework; name = Alamofire.framework; path = "../../../Library/Developer/Xcode/DerivedData/IndigoOmtIosLibrary-bvxloghcxurdyiglmpxeccoumqkg/Build/Products/Debug-iphonesimulator/Alamofire/Alamofire.framework"; sourceTree = "<group>"; };
		D7ECDDA31E42280D0033A657 /* FutureGatewayUtil.swift */ = {isa = PBXFileReference; fileEncoding = 4; lastKnownFileType = sourcecode.swift; path = FutureGatewayUtil.swift; sourceTree = "<group>"; };
		E156DA7B34C74E49DFF23C72 /* Pods_IndigoOmtIosLibrary_IntegrationTests.framework */ = {isa = PBXFileReference; explicitFileType = wrapper.framework; includeInIndex = 0; path = Pods_IndigoOmtIosLibrary_IntegrationTests.framework; sourceTree = BUILT_PRODUCTS_DIR; };
		F43332C1569895A3B69C5105 /* Pods-IndigoOmtIosLibrary_IntegrationTests.release.xcconfig */ = {isa = PBXFileReference; includeInIndex = 1; lastKnownFileType = text.xcconfig; name = "Pods-IndigoOmtIosLibrary_IntegrationTests.release.xcconfig"; path = "Pods/Target Support Files/Pods-IndigoOmtIosLibrary_IntegrationTests/Pods-IndigoOmtIosLibrary_IntegrationTests.release.xcconfig"; sourceTree = "<group>"; };
/* End PBXFileReference section */

/* Begin PBXFrameworksBuildPhase section */
		607FACCD1AFB9204008FA782 /* Frameworks */ = {
			isa = PBXFrameworksBuildPhase;
			buildActionMask = 2147483647;
			files = (
				0A5172F08F8C6250CD528E94 /* Pods_IndigoOmtIosLibrary_Example.framework in Frameworks */,
				759DAB1576E9866FEFBD76BD /* Pods_IndigoOmtIosLibrary_Example.framework in Frameworks */,
			);
			runOnlyForDeploymentPostprocessing = 0;
		};
		607FACE21AFB9204008FA782 /* Frameworks */ = {
			isa = PBXFrameworksBuildPhase;
			buildActionMask = 2147483647;
			files = (
				E5AB89A8A861EA33F3AA96BF /* Pods_IndigoOmtIosLibrary_UnitTests.framework in Frameworks */,
			);
			runOnlyForDeploymentPostprocessing = 0;
		};
		D7083E391E9235C30024DCEC /* Frameworks */ = {
			isa = PBXFrameworksBuildPhase;
			buildActionMask = 2147483647;
			files = (
				B1F3CDA4CD801963222AB59D /* Pods_IndigoOmtIosLibrary_ExampleIntegration.framework in Frameworks */,
			);
			runOnlyForDeploymentPostprocessing = 0;
		};
		D7083E481E9235F70024DCEC /* Frameworks */ = {
			isa = PBXFrameworksBuildPhase;
			buildActionMask = 2147483647;
			files = (
				0C25817EDBE325051A8671C7 /* Pods_IndigoOmtIosLibrary_IntegrationTests.framework in Frameworks */,
			);
			runOnlyForDeploymentPostprocessing = 0;
		};
/* End PBXFrameworksBuildPhase section */

/* Begin PBXGroup section */
		607FACC71AFB9204008FA782 = {
			isa = PBXGroup;
			children = (
				607FACF51AFB993E008FA782 /* Podspec Metadata */,
				607FACD21AFB9204008FA782 /* Example for IndigoOmtIosLibrary */,
				607FACE81AFB9204008FA782 /* Tests */,
				607FACD11AFB9204008FA782 /* Products */,
				A09294B5DA9033C0CE92B025 /* Pods */,
				CF62B5895F934EFE55EE7A8D /* Frameworks */,
			);
			sourceTree = "<group>";
		};
		607FACD11AFB9204008FA782 /* Products */ = {
			isa = PBXGroup;
			children = (
				607FACD01AFB9204008FA782 /* IndigoOmtIosLibrary_Example.app */,
				607FACE51AFB9204008FA782 /* IndigoOmtIosLibrary_UnitTests.xctest */,
				D7083E451E9235C30024DCEC /* IndigoOmtIosLibrary_ExampleIntegration.app */,
				D7083E4B1E9235F70024DCEC /* IndigoOmtIosLibrary_IntegrationTests.xctest */,
			);
			name = Products;
			sourceTree = "<group>";
		};
		607FACD21AFB9204008FA782 /* Example for IndigoOmtIosLibrary */ = {
			isa = PBXGroup;
			children = (
				D7EAC7F81E2CBFE600110199 /* Classes */,
				D7EAC7FD1E2CBFE600110199 /* Supporting Files */,
			);
			name = "Example for IndigoOmtIosLibrary";
			path = IndigoOmtIosLibrary;
			sourceTree = "<group>";
		};
		607FACE81AFB9204008FA782 /* Tests */ = {
			isa = PBXGroup;
			children = (
				D7C9C5B21E4C61EF0073C50A /* Common */,
				D7083E571E923C320024DCEC /* IntegrationTests */,
				D72EF3A31E8D257700C0F183 /* UnitTests */,
				607FACE91AFB9204008FA782 /* Supporting Files */,
			);
			path = Tests;
			sourceTree = "<group>";
		};
		607FACE91AFB9204008FA782 /* Supporting Files */ = {
			isa = PBXGroup;
			children = (
				D7083E551E923C2A0024DCEC /* IntegrationTestsInfo.plist */,
				D72EF3A11E8D256C00C0F183 /* UnitTestsInfo.plist */,
			);
			name = "Supporting Files";
			sourceTree = "<group>";
		};
		607FACF51AFB993E008FA782 /* Podspec Metadata */ = {
			isa = PBXGroup;
			children = (
				16BA07D6AE6CD1E1C13EA49B /* IndigoOmtIosLibrary.podspec */,
				57C866723DB4274EDE22F5C2 /* README.md */,
				8AFE4D6AFE87B55B2E647AA4 /* LICENSE */,
			);
			name = "Podspec Metadata";
			sourceTree = "<group>";
		};
		A09294B5DA9033C0CE92B025 /* Pods */ = {
			isa = PBXGroup;
			children = (
				8348C5C6D8D1E529EC7A9AD1 /* Pods-IndigoOmtIosLibrary_UnitTests.debug.xcconfig */,
				4C00B870491E375105221CD3 /* Pods-IndigoOmtIosLibrary_UnitTests.release.xcconfig */,
				6C57CA1746746D432BB58058 /* Pods-IndigoOmtIosLibrary_Example.debug.xcconfig */,
				2CBECFD96A4DC5B07821F182 /* Pods-IndigoOmtIosLibrary_Example.release.xcconfig */,
				D0322E5CA941507591B2D642 /* Pods-IndigoOmtIosLibrary_IntegrationTests.debug.xcconfig */,
				F43332C1569895A3B69C5105 /* Pods-IndigoOmtIosLibrary_IntegrationTests.release.xcconfig */,
				196753D51AFE0A90AEA2D4B0 /* Pods-IndigoOmtIosLibrary_ExampleIntegration.debug.xcconfig */,
				935FDE21EF34EB67EA221C50 /* Pods-IndigoOmtIosLibrary_ExampleIntegration.release.xcconfig */,
			);
			name = Pods;
			sourceTree = "<group>";
		};
		CF62B5895F934EFE55EE7A8D /* Frameworks */ = {
			isa = PBXGroup;
			children = (
				D7ECDD701E4209AC0033A657 /* Alamofire.framework */,
				60676204E9AB7CBE985CD285 /* Pods_IndigoOmtIosLibrary_Example.framework */,
				67D6B917ACE2BE80436FFE7C /* Pods_IndigoOmtIosLibrary_Tests.framework */,
				1BED5DC6E6C37DBB10CE43E7 /* Pods_IndigoOmtIosLibrary_UnitTests.framework */,
				E156DA7B34C74E49DFF23C72 /* Pods_IndigoOmtIosLibrary_IntegrationTests.framework */,
				49C66FA43757550C54877357 /* Pods_IndigoOmtIosLibrary_ExampleIntegration.framework */,
			);
			name = Frameworks;
			sourceTree = "<group>";
		};
		D7083E571E923C320024DCEC /* IntegrationTests */ = {
			isa = PBXGroup;
			children = (
				D7919A611E9250E700B15412 /* ApiRootSpec.swift */,
				D71C16AD1E925D48003DC385 /* ApplicationCollectionApiSpec.swift */,
				D794903B1E9261EC0020FF4F /* FileApiSpec.swift */,
				D79490391E9261DC0020FF4F /* TaskCollectionApiSpec.swift */,
				D794903D1E9289A20020FF4F /* TaskApiSpec.swift */,
			);
			path = IntegrationTests;
			sourceTree = "<group>";
		};
		D72EF3A31E8D257700C0F183 /* UnitTests */ = {
			isa = PBXGroup;
			children = (
				D72EF3A41E8D257700C0F183 /* DataRequestSpec.swift */,
				D72EF3A51E8D257700C0F183 /* FGAbstractPayloadSpec.swift */,
				D72EF3A61E8D257700C0F183 /* FGAlamofireRequestHelperSpec.swift */,
				D72EF3A71E8D257700C0F183 /* FGApiLinkSpec.swift */,
				D72EF3A81E8D257700C0F183 /* FGApiRootSpec.swift */,
				D72EF3A91E8D257700C0F183 /* FGApiRootVersionSpec.swift */,
				D72EF3AA1E8D257700C0F183 /* FGApplicationCollectionApiSpec.swift */,
				D72EF3AB1E8D257700C0F183 /* FGApplicationCollectionSpec.swift */,
				D72EF3AC1E8D257700C0F183 /* FGApplicationSpec.swift.swift */,
				D72EF3AD1E8D257700C0F183 /* FGDateUtilSpec.swift */,
				D72EF3AE1E8D257700C0F183 /* FGEmptyObjectSpec.swift */,
				D72EF3AF1E8D257700C0F183 /* FGFileApiSpec.swift */,
				D72EF3B01E8D257700C0F183 /* FGFutureGatewaySpec.swift */,
				D72EF3B11E8D257700C0F183 /* FGInfrastructureSpec.swift */,
				D72EF3B21E8D257700C0F183 /* FGInputFileSpec.swift */,
				D72EF3B31E8D257700C0F183 /* FGMessageObjectSpec.swift */,
				D72EF3B41E8D257700C0F183 /* FGOutputFileSpec.swift */,
				D72EF3B51E8D257700C0F183 /* FGRootApiResolverSpec.swift */,
				D72EF3B61E8D257700C0F183 /* FGRuntimeDataObjectSpec.swift */,
				D72EF3B71E8D257700C0F183 /* FGSessionHelperSpec.swift */,
				D72EF3B81E8D257700C0F183 /* FGTaskApiSpec.swift */,
				D72EF3B91E8D257700C0F183 /* FGTaskCollectionApiSpec.swift */,
				D72EF3BA1E8D257700C0F183 /* FGTaskCollectionSpec.swift */,
				D72EF3BB1E8D257700C0F183 /* FGTaskSpec.swift */,
				D72EF3BC1E8D257700C0F183 /* FGUploadResponseSpec.swift */,
			);
			path = UnitTests;
			sourceTree = "<group>";
		};
		D7C9C5B21E4C61EF0073C50A /* Common */ = {
			isa = PBXGroup;
			children = (
				D7C9C5D61E4DA4E10073C50A /* Constants.swift */,
				D7C9C5B31E4C61EF0073C50A /* DummyError.swift */,
				D7C9C5B41E4C61EF0073C50A /* DummyHelper.swift */,
				D7C9C5B91E4C6F340073C50A /* DummyProvider.swift */,
				D760F5111E55B850004419C3 /* DummyResolver.swift */,
				D7C9C5B71E4C66710073C50A /* Global.swift */,
				D7565A5A1E911F2500FBAC45 /* FileHelper.swift */,
			);
			path = Common;
			sourceTree = "<group>";
		};
		D7DC97B11E3648D400C25191 /* Utils */ = {
			isa = PBXGroup;
			children = (
				D7DC97B21E3648F900C25191 /* AuthUtil.swift */,
				D7860ABA1E39F85C007AC258 /* UserInfoApi.swift */,
				D784050F1E3B6394003B6684 /* AppAuthAccessTokenProvider.swift */,
				D7ECDDA31E42280D0033A657 /* FutureGatewayUtil.swift */,
			);
			path = Utils;
			sourceTree = "<group>";
		};
		D7DC97B41E36494700C25191 /* Model */ = {
			isa = PBXGroup;
			children = (
				D7DC97B51E36495700C25191 /* AuthConfig.swift */,
				D7860AB81E39F843007AC258 /* UserInfo.swift */,
			);
			path = Model;
			sourceTree = "<group>";
		};
		D7DF23971E2CEA770037AA41 /* Common */ = {
			isa = PBXGroup;
			children = (
				D7DF23981E2CEA830037AA41 /* Constants.swift */,
				D7DF239C1E2E0DCB0037AA41 /* UIHelper.swift */,
				D7BEF7351E2F81B800ACD8DA /* UIDesignHelper.swift */,
			);
			path = Common;
			sourceTree = "<group>";
		};
		D7EAC7F81E2CBFE600110199 /* Classes */ = {
			isa = PBXGroup;
			children = (
				D7EAC7F91E2CBFE600110199 /* AppDelegate.swift */,
				D7DF23971E2CEA770037AA41 /* Common */,
				D7DC97B41E36494700C25191 /* Model */,
				D7DC97B11E3648D400C25191 /* Utils */,
				D7EAC7FA1E2CBFE600110199 /* View Controllers */,
			);
			path = Classes;
			sourceTree = "<group>";
		};
		D7EAC7FA1E2CBFE600110199 /* View Controllers */ = {
			isa = PBXGroup;
			children = (
				D7EAC7FB1E2CBFE600110199 /* Main.storyboard */,
				D7EAC7FC1E2CBFE600110199 /* LoginViewController.swift */,
				D7BEF7371E2F983000ACD8DA /* MainViewController.swift */,
			);
			path = "View Controllers";
			sourceTree = "<group>";
		};
		D7EAC7FD1E2CBFE600110199 /* Supporting Files */ = {
			isa = PBXGroup;
			children = (
				D7EAC7FE1E2CBFE600110199 /* Images.xcassets */,
				D7EAC7FF1E2CBFE600110199 /* Info.plist */,
				D77D5FB61E93A56600C7ABCB /* InfoIntegration.plist */,
				D7EAC8001E2CBFE600110199 /* LaunchScreen.xib */,
			);
			path = "Supporting Files";
			sourceTree = "<group>";
		};
/* End PBXGroup section */

/* Begin PBXNativeTarget section */
		607FACCF1AFB9204008FA782 /* IndigoOmtIosLibrary_Example */ = {
			isa = PBXNativeTarget;
			buildConfigurationList = 607FACEF1AFB9204008FA782 /* Build configuration list for PBXNativeTarget "IndigoOmtIosLibrary_Example" */;
			buildPhases = (
				F96C5865417A82D0DBF3D828 /* [CP] Check Pods Manifest.lock */,
				607FACCC1AFB9204008FA782 /* Sources */,
				607FACCD1AFB9204008FA782 /* Frameworks */,
				607FACCE1AFB9204008FA782 /* Resources */,
				7B28B2DAD552F8AB061C6341 /* [CP] Embed Pods Frameworks */,
				C51F2EF740EAA43351184679 /* [CP] Copy Pods Resources */,
			);
			buildRules = (
			);
			dependencies = (
			);
			name = IndigoOmtIosLibrary_Example;
			productName = IndigoOmtIosLibrary;
			productReference = 607FACD01AFB9204008FA782 /* IndigoOmtIosLibrary_Example.app */;
			productType = "com.apple.product-type.application";
		};
		607FACE41AFB9204008FA782 /* IndigoOmtIosLibrary_UnitTests */ = {
			isa = PBXNativeTarget;
			buildConfigurationList = 607FACF21AFB9204008FA782 /* Build configuration list for PBXNativeTarget "IndigoOmtIosLibrary_UnitTests" */;
			buildPhases = (
				F63630DD3927283B15ED2892 /* [CP] Check Pods Manifest.lock */,
				607FACE11AFB9204008FA782 /* Sources */,
				607FACE21AFB9204008FA782 /* Frameworks */,
				607FACE31AFB9204008FA782 /* Resources */,
				89F8108112B727B41838F3E9 /* [CP] Embed Pods Frameworks */,
				5B02504C984B19F0D1D9F064 /* [CP] Copy Pods Resources */,
			);
			buildRules = (
			);
			dependencies = (
				D7565A591E9119EB00FBAC45 /* PBXTargetDependency */,
			);
			name = IndigoOmtIosLibrary_UnitTests;
			productName = Tests;
			productReference = 607FACE51AFB9204008FA782 /* IndigoOmtIosLibrary_UnitTests.xctest */;
			productType = "com.apple.product-type.bundle.unit-test";
		};
		D7083E281E9235C30024DCEC /* IndigoOmtIosLibrary_ExampleIntegration */ = {
			isa = PBXNativeTarget;
			buildConfigurationList = D7083E421E9235C30024DCEC /* Build configuration list for PBXNativeTarget "IndigoOmtIosLibrary_ExampleIntegration" */;
			buildPhases = (
				D4F25862B6F7253EC3EDA58C /* [CP] Check Pods Manifest.lock */,
				D7083E2A1E9235C30024DCEC /* Sources */,
				D7083E391E9235C30024DCEC /* Frameworks */,
				D7083E3B1E9235C30024DCEC /* Resources */,
				92CCBBC5B8DCF1DE23968299 /* [CP] Embed Pods Frameworks */,
				F6959DE20A48BBE6267C01C6 /* [CP] Copy Pods Resources */,
			);
			buildRules = (
			);
			dependencies = (
			);
			name = IndigoOmtIosLibrary_ExampleIntegration;
			productName = IndigoOmtIosLibrary;
			productReference = D7083E451E9235C30024DCEC /* IndigoOmtIosLibrary_ExampleIntegration.app */;
			productType = "com.apple.product-type.application";
		};
		D7083E4A1E9235F70024DCEC /* IndigoOmtIosLibrary_IntegrationTests */ = {
			isa = PBXNativeTarget;
			buildConfigurationList = D7083E521E9235F70024DCEC /* Build configuration list for PBXNativeTarget "IndigoOmtIosLibrary_IntegrationTests" */;
			buildPhases = (
				A96FC4B2638BF86594079736 /* [CP] Check Pods Manifest.lock */,
				D7083E471E9235F70024DCEC /* Sources */,
				D7083E481E9235F70024DCEC /* Frameworks */,
				D7083E491E9235F70024DCEC /* Resources */,
				D1B81F7BA6718F8ED21BCFD9 /* [CP] Embed Pods Frameworks */,
				0177137D0654D4568EDB46A7 /* [CP] Copy Pods Resources */,
			);
			buildRules = (
			);
			dependencies = (
				D7083E511E9235F70024DCEC /* PBXTargetDependency */,
			);
			name = IndigoOmtIosLibrary_IntegrationTests;
			productName = IndigoOmtIosLibrary_IntegrationTests;
			productReference = D7083E4B1E9235F70024DCEC /* IndigoOmtIosLibrary_IntegrationTests.xctest */;
			productType = "com.apple.product-type.bundle.unit-test";
		};
/* End PBXNativeTarget section */

/* Begin PBXProject section */
		607FACC81AFB9204008FA782 /* Project object */ = {
			isa = PBXProject;
			attributes = {
				LastSwiftUpdateCheck = 0830;
				LastUpgradeCheck = 0720;
				ORGANIZATIONNAME = CocoaPods;
				TargetAttributes = {
					607FACCF1AFB9204008FA782 = {
						CreatedOnToolsVersion = 6.3.1;
						ProvisioningStyle = Manual;
					};
					607FACE41AFB9204008FA782 = {
						CreatedOnToolsVersion = 6.3.1;
						ProvisioningStyle = Manual;
						TestTargetID = 607FACCF1AFB9204008FA782;
					};
					D7083E4A1E9235F70024DCEC = {
						CreatedOnToolsVersion = 8.3;
						ProvisioningStyle = Manual;
						TestTargetID = D7083E281E9235C30024DCEC;
					};
				};
			};
			buildConfigurationList = 607FACCB1AFB9204008FA782 /* Build configuration list for PBXProject "IndigoOmtIosLibrary" */;
			compatibilityVersion = "Xcode 3.2";
			developmentRegion = English;
			hasScannedForEncodings = 0;
			knownRegions = (
				en,
				Base,
			);
			mainGroup = 607FACC71AFB9204008FA782;
			productRefGroup = 607FACD11AFB9204008FA782 /* Products */;
			projectDirPath = "";
			projectRoot = "";
			targets = (
				607FACCF1AFB9204008FA782 /* IndigoOmtIosLibrary_Example */,
				607FACE41AFB9204008FA782 /* IndigoOmtIosLibrary_UnitTests */,
				D7083E281E9235C30024DCEC /* IndigoOmtIosLibrary_ExampleIntegration */,
				D7083E4A1E9235F70024DCEC /* IndigoOmtIosLibrary_IntegrationTests */,
			);
		};
/* End PBXProject section */

/* Begin PBXResourcesBuildPhase section */
		607FACCE1AFB9204008FA782 /* Resources */ = {
			isa = PBXResourcesBuildPhase;
			buildActionMask = 2147483647;
			files = (
				D72EF3A21E8D256C00C0F183 /* UnitTestsInfo.plist in Resources */,
				D7EAC8041E2CBFE600110199 /* Images.xcassets in Resources */,
				D7EAC8061E2CBFE600110199 /* LaunchScreen.xib in Resources */,
				D77D5FB71E93A56600C7ABCB /* InfoIntegration.plist in Resources */,
				D7083E561E923C2A0024DCEC /* IntegrationTestsInfo.plist in Resources */,
				D7EAC8021E2CBFE600110199 /* Main.storyboard in Resources */,
			);
			runOnlyForDeploymentPostprocessing = 0;
		};
		607FACE31AFB9204008FA782 /* Resources */ = {
			isa = PBXResourcesBuildPhase;
			buildActionMask = 2147483647;
			files = (
			);
			runOnlyForDeploymentPostprocessing = 0;
		};
		D7083E3B1E9235C30024DCEC /* Resources */ = {
			isa = PBXResourcesBuildPhase;
			buildActionMask = 2147483647;
			files = (
				D7083E3C1E9235C30024DCEC /* UnitTestsInfo.plist in Resources */,
				D7083E3D1E9235C30024DCEC /* Images.xcassets in Resources */,
				D7083E3E1E9235C30024DCEC /* LaunchScreen.xib in Resources */,
				D7083E3F1E9235C30024DCEC /* Main.storyboard in Resources */,
			);
			runOnlyForDeploymentPostprocessing = 0;
		};
		D7083E491E9235F70024DCEC /* Resources */ = {
			isa = PBXResourcesBuildPhase;
			buildActionMask = 2147483647;
			files = (
			);
			runOnlyForDeploymentPostprocessing = 0;
		};
/* End PBXResourcesBuildPhase section */

/* Begin PBXShellScriptBuildPhase section */
		0177137D0654D4568EDB46A7 /* [CP] Copy Pods Resources */ = {
			isa = PBXShellScriptBuildPhase;
			buildActionMask = 2147483647;
			files = (
			);
			inputPaths = (
			);
			name = "[CP] Copy Pods Resources";
			outputPaths = (
			);
			runOnlyForDeploymentPostprocessing = 0;
			shellPath = /bin/sh;
			shellScript = "\"${SRCROOT}/Pods/Target Support Files/Pods-IndigoOmtIosLibrary_IntegrationTests/Pods-IndigoOmtIosLibrary_IntegrationTests-resources.sh\"\n";
			showEnvVarsInLog = 0;
		};
		5B02504C984B19F0D1D9F064 /* [CP] Copy Pods Resources */ = {
			isa = PBXShellScriptBuildPhase;
			buildActionMask = 2147483647;
			files = (
			);
			inputPaths = (
			);
			name = "[CP] Copy Pods Resources";
			outputPaths = (
			);
			runOnlyForDeploymentPostprocessing = 0;
			shellPath = /bin/sh;
			shellScript = "\"${SRCROOT}/Pods/Target Support Files/Pods-IndigoOmtIosLibrary_UnitTests/Pods-IndigoOmtIosLibrary_UnitTests-resources.sh\"\n";
			showEnvVarsInLog = 0;
		};
		7B28B2DAD552F8AB061C6341 /* [CP] Embed Pods Frameworks */ = {
			isa = PBXShellScriptBuildPhase;
			buildActionMask = 2147483647;
			files = (
			);
			inputPaths = (
			);
			name = "[CP] Embed Pods Frameworks";
			outputPaths = (
			);
			runOnlyForDeploymentPostprocessing = 0;
			shellPath = /bin/sh;
			shellScript = "\"${SRCROOT}/Pods/Target Support Files/Pods-IndigoOmtIosLibrary_Example/Pods-IndigoOmtIosLibrary_Example-frameworks.sh\"\n";
			showEnvVarsInLog = 0;
		};
		89F8108112B727B41838F3E9 /* [CP] Embed Pods Frameworks */ = {
			isa = PBXShellScriptBuildPhase;
			buildActionMask = 2147483647;
			files = (
			);
			inputPaths = (
			);
			name = "[CP] Embed Pods Frameworks";
			outputPaths = (
			);
			runOnlyForDeploymentPostprocessing = 0;
			shellPath = /bin/sh;
			shellScript = "\"${SRCROOT}/Pods/Target Support Files/Pods-IndigoOmtIosLibrary_UnitTests/Pods-IndigoOmtIosLibrary_UnitTests-frameworks.sh\"\n";
			showEnvVarsInLog = 0;
		};
		92CCBBC5B8DCF1DE23968299 /* [CP] Embed Pods Frameworks */ = {
			isa = PBXShellScriptBuildPhase;
			buildActionMask = 2147483647;
			files = (
			);
			inputPaths = (
			);
			name = "[CP] Embed Pods Frameworks";
			outputPaths = (
			);
			runOnlyForDeploymentPostprocessing = 0;
			shellPath = /bin/sh;
			shellScript = "\"${SRCROOT}/Pods/Target Support Files/Pods-IndigoOmtIosLibrary_ExampleIntegration/Pods-IndigoOmtIosLibrary_ExampleIntegration-frameworks.sh\"\n";
			showEnvVarsInLog = 0;
		};
		A96FC4B2638BF86594079736 /* [CP] Check Pods Manifest.lock */ = {
			isa = PBXShellScriptBuildPhase;
			buildActionMask = 2147483647;
			files = (
			);
			inputPaths = (
			);
			name = "[CP] Check Pods Manifest.lock";
			outputPaths = (
			);
			runOnlyForDeploymentPostprocessing = 0;
			shellPath = /bin/sh;
			shellScript = "diff \"${PODS_PODFILE_DIR_PATH}/Podfile.lock\" \"${PODS_ROOT}/Manifest.lock\" > /dev/null\nif [ $? != 0 ] ; then\n    # print error to STDERR\n    echo \"error: The sandbox is not in sync with the Podfile.lock. Run 'pod install' or update your CocoaPods installation.\" >&2\n    exit 1\nfi\n";
			showEnvVarsInLog = 0;
		};
		C51F2EF740EAA43351184679 /* [CP] Copy Pods Resources */ = {
			isa = PBXShellScriptBuildPhase;
			buildActionMask = 2147483647;
			files = (
			);
			inputPaths = (
			);
			name = "[CP] Copy Pods Resources";
			outputPaths = (
			);
			runOnlyForDeploymentPostprocessing = 0;
			shellPath = /bin/sh;
			shellScript = "\"${SRCROOT}/Pods/Target Support Files/Pods-IndigoOmtIosLibrary_Example/Pods-IndigoOmtIosLibrary_Example-resources.sh\"\n";
			showEnvVarsInLog = 0;
		};
		D1B81F7BA6718F8ED21BCFD9 /* [CP] Embed Pods Frameworks */ = {
			isa = PBXShellScriptBuildPhase;
			buildActionMask = 2147483647;
			files = (
			);
			inputPaths = (
			);
			name = "[CP] Embed Pods Frameworks";
			outputPaths = (
			);
			runOnlyForDeploymentPostprocessing = 0;
			shellPath = /bin/sh;
			shellScript = "\"${SRCROOT}/Pods/Target Support Files/Pods-IndigoOmtIosLibrary_IntegrationTests/Pods-IndigoOmtIosLibrary_IntegrationTests-frameworks.sh\"\n";
			showEnvVarsInLog = 0;
		};
		D4F25862B6F7253EC3EDA58C /* [CP] Check Pods Manifest.lock */ = {
			isa = PBXShellScriptBuildPhase;
			buildActionMask = 2147483647;
			files = (
			);
			inputPaths = (
			);
			name = "[CP] Check Pods Manifest.lock";
			outputPaths = (
			);
			runOnlyForDeploymentPostprocessing = 0;
			shellPath = /bin/sh;
			shellScript = "diff \"${PODS_PODFILE_DIR_PATH}/Podfile.lock\" \"${PODS_ROOT}/Manifest.lock\" > /dev/null\nif [ $? != 0 ] ; then\n    # print error to STDERR\n    echo \"error: The sandbox is not in sync with the Podfile.lock. Run 'pod install' or update your CocoaPods installation.\" >&2\n    exit 1\nfi\n";
			showEnvVarsInLog = 0;
		};
		F63630DD3927283B15ED2892 /* [CP] Check Pods Manifest.lock */ = {
			isa = PBXShellScriptBuildPhase;
			buildActionMask = 2147483647;
			files = (
			);
			inputPaths = (
			);
			name = "[CP] Check Pods Manifest.lock";
			outputPaths = (
			);
			runOnlyForDeploymentPostprocessing = 0;
			shellPath = /bin/sh;
			shellScript = "diff \"${PODS_PODFILE_DIR_PATH}/Podfile.lock\" \"${PODS_ROOT}/Manifest.lock\" > /dev/null\nif [ $? != 0 ] ; then\n    # print error to STDERR\n    echo \"error: The sandbox is not in sync with the Podfile.lock. Run 'pod install' or update your CocoaPods installation.\" >&2\n    exit 1\nfi\n";
			showEnvVarsInLog = 0;
		};
		F6959DE20A48BBE6267C01C6 /* [CP] Copy Pods Resources */ = {
			isa = PBXShellScriptBuildPhase;
			buildActionMask = 2147483647;
			files = (
			);
			inputPaths = (
			);
			name = "[CP] Copy Pods Resources";
			outputPaths = (
			);
			runOnlyForDeploymentPostprocessing = 0;
			shellPath = /bin/sh;
			shellScript = "\"${SRCROOT}/Pods/Target Support Files/Pods-IndigoOmtIosLibrary_ExampleIntegration/Pods-IndigoOmtIosLibrary_ExampleIntegration-resources.sh\"\n";
			showEnvVarsInLog = 0;
		};
		F96C5865417A82D0DBF3D828 /* [CP] Check Pods Manifest.lock */ = {
			isa = PBXShellScriptBuildPhase;
			buildActionMask = 2147483647;
			files = (
			);
			inputPaths = (
			);
			name = "[CP] Check Pods Manifest.lock";
			outputPaths = (
			);
			runOnlyForDeploymentPostprocessing = 0;
			shellPath = /bin/sh;
			shellScript = "diff \"${PODS_PODFILE_DIR_PATH}/Podfile.lock\" \"${PODS_ROOT}/Manifest.lock\" > /dev/null\nif [ $? != 0 ] ; then\n    # print error to STDERR\n    echo \"error: The sandbox is not in sync with the Podfile.lock. Run 'pod install' or update your CocoaPods installation.\" >&2\n    exit 1\nfi\n";
			showEnvVarsInLog = 0;
		};
/* End PBXShellScriptBuildPhase section */

/* Begin PBXSourcesBuildPhase section */
		607FACCC1AFB9204008FA782 /* Sources */ = {
			isa = PBXSourcesBuildPhase;
			buildActionMask = 2147483647;
			files = (
				D7BEF7381E2F983000ACD8DA /* MainViewController.swift in Sources */,
				D7DC97B31E3648F900C25191 /* AuthUtil.swift in Sources */,
				D7EAC8011E2CBFE600110199 /* AppDelegate.swift in Sources */,
				D7C9C5D51E4CB7750073C50A /* DummyProvider.swift in Sources */,
				D7DC97B61E36495700C25191 /* AuthConfig.swift in Sources */,
				D7A368331E914EC8004A998F /* FileHelper.swift in Sources */,
				D7EAC8031E2CBFE600110199 /* LoginViewController.swift in Sources */,
				D7ECDDA51E422A680033A657 /* FutureGatewayUtil.swift in Sources */,
				D7DF239D1E2E0DCB0037AA41 /* UIHelper.swift in Sources */,
				D78405101E3B6394003B6684 /* AppAuthAccessTokenProvider.swift in Sources */,
				D7DF23991E2CEA830037AA41 /* Constants.swift in Sources */,
				D7860AB91E39F843007AC258 /* UserInfo.swift in Sources */,
				D7BEF7361E2F81B800ACD8DA /* UIDesignHelper.swift in Sources */,
				D7860ABB1E39F85C007AC258 /* UserInfoApi.swift in Sources */,
			);
			runOnlyForDeploymentPostprocessing = 0;
		};
		607FACE11AFB9204008FA782 /* Sources */ = {
			isa = PBXSourcesBuildPhase;
			buildActionMask = 2147483647;
			files = (
				D72EF3D41E8D257700C0F183 /* FGTaskSpec.swift in Sources */,
				D7C9C5D71E4DA4E10073C50A /* Constants.swift in Sources */,
				D72EF3C21E8D257700C0F183 /* FGApiRootVersionSpec.swift in Sources */,
				D72EF3CA1E8D257700C0F183 /* FGInfrastructureSpec.swift in Sources */,
				D72EF3CD1E8D257700C0F183 /* FGOutputFileSpec.swift in Sources */,
				D7C9C5B81E4C66710073C50A /* Global.swift in Sources */,
				D72EF3C61E8D257700C0F183 /* FGDateUtilSpec.swift in Sources */,
				D72EF3C81E8D257700C0F183 /* FGFileApiSpec.swift in Sources */,
				D72EF3C71E8D257700C0F183 /* FGEmptyObjectSpec.swift in Sources */,
				D72EF3D01E8D257700C0F183 /* FGSessionHelperSpec.swift in Sources */,
				D72EF3D21E8D257700C0F183 /* FGTaskCollectionApiSpec.swift in Sources */,
				D7565A5B1E911F2500FBAC45 /* FileHelper.swift in Sources */,
				D72EF3C01E8D257700C0F183 /* FGApiLinkSpec.swift in Sources */,
				D72EF3C51E8D257700C0F183 /* FGApplicationSpec.swift.swift in Sources */,
				D72EF3CF1E8D257700C0F183 /* FGRuntimeDataObjectSpec.swift in Sources */,
				D72EF3C31E8D257700C0F183 /* FGApplicationCollectionApiSpec.swift in Sources */,
				D7C9C5B51E4C61EF0073C50A /* DummyError.swift in Sources */,
				D72EF3C41E8D257700C0F183 /* FGApplicationCollectionSpec.swift in Sources */,
				D72EF3CC1E8D257700C0F183 /* FGMessageObjectSpec.swift in Sources */,
				D72EF3D51E8D257700C0F183 /* FGUploadResponseSpec.swift in Sources */,
				D72EF3CB1E8D257700C0F183 /* FGInputFileSpec.swift in Sources */,
				D7C9C5BA1E4C6F340073C50A /* DummyProvider.swift in Sources */,
				D72EF3C91E8D257700C0F183 /* FGFutureGatewaySpec.swift in Sources */,
				D72EF3D11E8D257700C0F183 /* FGTaskApiSpec.swift in Sources */,
				D72EF3BE1E8D257700C0F183 /* FGAbstractPayloadSpec.swift in Sources */,
				D760F5121E55B850004419C3 /* DummyResolver.swift in Sources */,
				D72EF3C11E8D257700C0F183 /* FGApiRootSpec.swift in Sources */,
				D72EF3D31E8D257700C0F183 /* FGTaskCollectionSpec.swift in Sources */,
				D72EF3BF1E8D257700C0F183 /* FGAlamofireRequestHelperSpec.swift in Sources */,
				D72EF3BD1E8D257700C0F183 /* DataRequestSpec.swift in Sources */,
				D72EF3CE1E8D257700C0F183 /* FGRootApiResolverSpec.swift in Sources */,
				D7C9C5B61E4C61EF0073C50A /* DummyHelper.swift in Sources */,
			);
			runOnlyForDeploymentPostprocessing = 0;
		};
		D7083E2A1E9235C30024DCEC /* Sources */ = {
			isa = PBXSourcesBuildPhase;
			buildActionMask = 2147483647;
			files = (
				D7083E2B1E9235C30024DCEC /* MainViewController.swift in Sources */,
				D7083E2C1E9235C30024DCEC /* AuthUtil.swift in Sources */,
				D7083E2D1E9235C30024DCEC /* AppDelegate.swift in Sources */,
				D7083E2E1E9235C30024DCEC /* DummyProvider.swift in Sources */,
				D7083E2F1E9235C30024DCEC /* AuthConfig.swift in Sources */,
				D7083E301E9235C30024DCEC /* FileHelper.swift in Sources */,
				D7083E311E9235C30024DCEC /* LoginViewController.swift in Sources */,
				D7083E321E9235C30024DCEC /* FutureGatewayUtil.swift in Sources */,
				D7083E331E9235C30024DCEC /* UIHelper.swift in Sources */,
				D7083E341E9235C30024DCEC /* AppAuthAccessTokenProvider.swift in Sources */,
				D7083E351E9235C30024DCEC /* Constants.swift in Sources */,
				D7083E361E9235C30024DCEC /* UserInfo.swift in Sources */,
				D7083E371E9235C30024DCEC /* UIDesignHelper.swift in Sources */,
				D7083E381E9235C30024DCEC /* UserInfoApi.swift in Sources */,
			);
			runOnlyForDeploymentPostprocessing = 0;
		};
		D7083E471E9235F70024DCEC /* Sources */ = {
			isa = PBXSourcesBuildPhase;
			buildActionMask = 2147483647;
			files = (
				D7919A651E92581800B15412 /* DummyHelper.swift in Sources */,
				D71C16AE1E925D48003DC385 /* ApplicationCollectionApiSpec.swift in Sources */,
				D7919A621E9250E700B15412 /* ApiRootSpec.swift in Sources */,
				D7919A661E92581800B15412 /* DummyProvider.swift in Sources */,
				D7919A691E92581800B15412 /* FileHelper.swift in Sources */,
				D7919A641E92581800B15412 /* DummyError.swift in Sources */,
				D7919A671E92581800B15412 /* DummyResolver.swift in Sources */,
				D7919A631E92510400B15412 /* Constants.swift in Sources */,
				D794903E1E9289A20020FF4F /* TaskApiSpec.swift in Sources */,
				D794903C1E9261EC0020FF4F /* FileApiSpec.swift in Sources */,
				D794903A1E9261DC0020FF4F /* TaskCollectionApiSpec.swift in Sources */,
				D7919A681E92581800B15412 /* Global.swift in Sources */,
			);
			runOnlyForDeploymentPostprocessing = 0;
		};
/* End PBXSourcesBuildPhase section */

/* Begin PBXTargetDependency section */
		D7083E511E9235F70024DCEC /* PBXTargetDependency */ = {
			isa = PBXTargetDependency;
			target = D7083E281E9235C30024DCEC /* IndigoOmtIosLibrary_ExampleIntegration */;
			targetProxy = D7083E501E9235F70024DCEC /* PBXContainerItemProxy */;
		};
		D7565A591E9119EB00FBAC45 /* PBXTargetDependency */ = {
			isa = PBXTargetDependency;
			target = 607FACCF1AFB9204008FA782 /* IndigoOmtIosLibrary_Example */;
			targetProxy = D7565A581E9119EB00FBAC45 /* PBXContainerItemProxy */;
		};
/* End PBXTargetDependency section */

/* Begin XCBuildConfiguration section */
		607FACED1AFB9204008FA782 /* Debug */ = {
			isa = XCBuildConfiguration;
			buildSettings = {
				ALWAYS_SEARCH_USER_PATHS = NO;
				CLANG_CXX_LANGUAGE_STANDARD = "gnu++0x";
				CLANG_CXX_LIBRARY = "libc++";
				CLANG_ENABLE_MODULES = YES;
				CLANG_ENABLE_OBJC_ARC = YES;
				CLANG_WARN_BOOL_CONVERSION = YES;
				CLANG_WARN_CONSTANT_CONVERSION = YES;
				CLANG_WARN_DIRECT_OBJC_ISA_USAGE = YES_ERROR;
				CLANG_WARN_EMPTY_BODY = YES;
				CLANG_WARN_ENUM_CONVERSION = YES;
				CLANG_WARN_INT_CONVERSION = YES;
				CLANG_WARN_OBJC_ROOT_CLASS = YES_ERROR;
				CLANG_WARN_UNREACHABLE_CODE = YES;
				CLANG_WARN__DUPLICATE_METHOD_MATCH = YES;
				"CODE_SIGN_IDENTITY[sdk=iphoneos*]" = "iPhone Developer";
				COPY_PHASE_STRIP = NO;
				DEBUG_INFORMATION_FORMAT = "dwarf-with-dsym";
				ENABLE_STRICT_OBJC_MSGSEND = YES;
				ENABLE_TESTABILITY = YES;
				GCC_C_LANGUAGE_STANDARD = gnu99;
				GCC_DYNAMIC_NO_PIC = NO;
				GCC_NO_COMMON_BLOCKS = YES;
				GCC_OPTIMIZATION_LEVEL = 0;
				GCC_PREPROCESSOR_DEFINITIONS = (
					"DEBUG=1",
					"$(inherited)",
				);
				GCC_SYMBOLS_PRIVATE_EXTERN = NO;
				GCC_WARN_64_TO_32_BIT_CONVERSION = YES;
				GCC_WARN_ABOUT_RETURN_TYPE = YES_ERROR;
				GCC_WARN_UNDECLARED_SELECTOR = YES;
				GCC_WARN_UNINITIALIZED_AUTOS = YES_AGGRESSIVE;
				GCC_WARN_UNUSED_FUNCTION = YES;
				GCC_WARN_UNUSED_VARIABLE = YES;
				IPHONEOS_DEPLOYMENT_TARGET = 9.0;
				MTL_ENABLE_DEBUG_INFO = YES;
				ONLY_ACTIVE_ARCH = YES;
				SDKROOT = iphoneos;
				SWIFT_OPTIMIZATION_LEVEL = "-Onone";
				SWIFT_VERSION = 3.0;
			};
			name = Debug;
		};
		607FACEE1AFB9204008FA782 /* Release */ = {
			isa = XCBuildConfiguration;
			buildSettings = {
				ALWAYS_SEARCH_USER_PATHS = NO;
				CLANG_CXX_LANGUAGE_STANDARD = "gnu++0x";
				CLANG_CXX_LIBRARY = "libc++";
				CLANG_ENABLE_MODULES = YES;
				CLANG_ENABLE_OBJC_ARC = YES;
				CLANG_WARN_BOOL_CONVERSION = YES;
				CLANG_WARN_CONSTANT_CONVERSION = YES;
				CLANG_WARN_DIRECT_OBJC_ISA_USAGE = YES_ERROR;
				CLANG_WARN_EMPTY_BODY = YES;
				CLANG_WARN_ENUM_CONVERSION = YES;
				CLANG_WARN_INT_CONVERSION = YES;
				CLANG_WARN_OBJC_ROOT_CLASS = YES_ERROR;
				CLANG_WARN_UNREACHABLE_CODE = YES;
				CLANG_WARN__DUPLICATE_METHOD_MATCH = YES;
				"CODE_SIGN_IDENTITY[sdk=iphoneos*]" = "iPhone Developer";
				COPY_PHASE_STRIP = NO;
				DEBUG_INFORMATION_FORMAT = "dwarf-with-dsym";
				ENABLE_NS_ASSERTIONS = NO;
				ENABLE_STRICT_OBJC_MSGSEND = YES;
				GCC_C_LANGUAGE_STANDARD = gnu99;
				GCC_NO_COMMON_BLOCKS = YES;
				GCC_WARN_64_TO_32_BIT_CONVERSION = YES;
				GCC_WARN_ABOUT_RETURN_TYPE = YES_ERROR;
				GCC_WARN_UNDECLARED_SELECTOR = YES;
				GCC_WARN_UNINITIALIZED_AUTOS = YES_AGGRESSIVE;
				GCC_WARN_UNUSED_FUNCTION = YES;
				GCC_WARN_UNUSED_VARIABLE = YES;
				IPHONEOS_DEPLOYMENT_TARGET = 9.0;
				MTL_ENABLE_DEBUG_INFO = NO;
				SDKROOT = iphoneos;
				SWIFT_VERSION = 3.0;
				VALIDATE_PRODUCT = YES;
			};
			name = Release;
		};
		607FACF01AFB9204008FA782 /* Debug */ = {
			isa = XCBuildConfiguration;
			baseConfigurationReference = 6C57CA1746746D432BB58058 /* Pods-IndigoOmtIosLibrary_Example.debug.xcconfig */;
			buildSettings = {
				ASSETCATALOG_COMPILER_APPICON_NAME = AppIcon;
				INFOPLIST_FILE = "$(SRCROOT)/IndigoOmtIosLibrary/Supporting Files/Info.plist";
				LD_RUNPATH_SEARCH_PATHS = "$(inherited) @executable_path/Frameworks";
				MODULE_NAME = ExampleApp;
				PRODUCT_BUNDLE_IDENTIFIER = pl.psnc.IndigoOmtIosLibrary;
				PRODUCT_NAME = "$(TARGET_NAME)";
				TARGETED_DEVICE_FAMILY = "1,2";
			};
			name = Debug;
		};
		607FACF11AFB9204008FA782 /* Release */ = {
			isa = XCBuildConfiguration;
			baseConfigurationReference = 2CBECFD96A4DC5B07821F182 /* Pods-IndigoOmtIosLibrary_Example.release.xcconfig */;
			buildSettings = {
				ASSETCATALOG_COMPILER_APPICON_NAME = AppIcon;
				DEVELOPMENT_TEAM = "";
				INFOPLIST_FILE = "$(SRCROOT)/IndigoOmtIosLibrary/Supporting Files/Info.plist";
				LD_RUNPATH_SEARCH_PATHS = "$(inherited) @executable_path/Frameworks";
				MODULE_NAME = ExampleApp;
				PRODUCT_BUNDLE_IDENTIFIER = pl.psnc.IndigoOmtIosLibrary;
				PRODUCT_NAME = "$(TARGET_NAME)";
				TARGETED_DEVICE_FAMILY = "1,2";
			};
			name = Release;
		};
		607FACF31AFB9204008FA782 /* Debug */ = {
			isa = XCBuildConfiguration;
			baseConfigurationReference = 8348C5C6D8D1E529EC7A9AD1 /* Pods-IndigoOmtIosLibrary_UnitTests.debug.xcconfig */;
			buildSettings = {
				DEVELOPMENT_TEAM = "";
				FRAMEWORK_SEARCH_PATHS = "$(inherited)";
				GCC_PREPROCESSOR_DEFINITIONS = (
					"DEBUG=1",
					"$(inherited)",
				);
				INFOPLIST_FILE = Tests/UnitTestsInfo.plist;
				LD_RUNPATH_SEARCH_PATHS = "$(inherited) @executable_path/Frameworks @loader_path/Frameworks";
				PRODUCT_BUNDLE_IDENTIFIER = "org.cocoapods.$(PRODUCT_NAME:rfc1034identifier)";
				PRODUCT_NAME = "$(TARGET_NAME)";
				TEST_HOST = "$(BUILT_PRODUCTS_DIR)/IndigoOmtIosLibrary_Example.app/IndigoOmtIosLibrary_Example";
			};
			name = Debug;
		};
		607FACF41AFB9204008FA782 /* Release */ = {
			isa = XCBuildConfiguration;
			baseConfigurationReference = 4C00B870491E375105221CD3 /* Pods-IndigoOmtIosLibrary_UnitTests.release.xcconfig */;
			buildSettings = {
				DEVELOPMENT_TEAM = "";
				FRAMEWORK_SEARCH_PATHS = "$(inherited)";
				INFOPLIST_FILE = Tests/UnitTestsInfo.plist;
				LD_RUNPATH_SEARCH_PATHS = "$(inherited) @executable_path/Frameworks @loader_path/Frameworks";
				PRODUCT_BUNDLE_IDENTIFIER = "org.cocoapods.$(PRODUCT_NAME:rfc1034identifier)";
				PRODUCT_NAME = "$(TARGET_NAME)";
				TEST_HOST = "$(BUILT_PRODUCTS_DIR)/IndigoOmtIosLibrary_Example.app/IndigoOmtIosLibrary_Example";
			};
			name = Release;
		};
		D7083E431E9235C30024DCEC /* Debug */ = {
			isa = XCBuildConfiguration;
			baseConfigurationReference = 196753D51AFE0A90AEA2D4B0 /* Pods-IndigoOmtIosLibrary_ExampleIntegration.debug.xcconfig */;
			buildSettings = {
				ASSETCATALOG_COMPILER_APPICON_NAME = AppIcon;
				INFOPLIST_FILE = "$(SRCROOT)/IndigoOmtIosLibrary/Supporting Files/InfoIntegration.plist";
				LD_RUNPATH_SEARCH_PATHS = "$(inherited) @executable_path/Frameworks";
				MODULE_NAME = ExampleApp;
				PRODUCT_BUNDLE_IDENTIFIER = pl.psnc.IndigoOmtIosLibraryIntegration;
				PRODUCT_NAME = "$(TARGET_NAME)";
				TARGETED_DEVICE_FAMILY = "1,2";
			};
			name = Debug;
		};
		D7083E441E9235C30024DCEC /* Release */ = {
			isa = XCBuildConfiguration;
			baseConfigurationReference = 935FDE21EF34EB67EA221C50 /* Pods-IndigoOmtIosLibrary_ExampleIntegration.release.xcconfig */;
			buildSettings = {
				ASSETCATALOG_COMPILER_APPICON_NAME = AppIcon;
				DEVELOPMENT_TEAM = "";
				INFOPLIST_FILE = "$(SRCROOT)/IndigoOmtIosLibrary/Supporting Files/InfoIntegration.plist";
				LD_RUNPATH_SEARCH_PATHS = "$(inherited) @executable_path/Frameworks";
				MODULE_NAME = ExampleApp;
				PRODUCT_BUNDLE_IDENTIFIER = pl.psnc.IndigoOmtIosLibraryIntegration;
				PRODUCT_NAME = "$(TARGET_NAME)";
				TARGETED_DEVICE_FAMILY = "1,2";
			};
			name = Release;
		};
		D7083E531E9235F70024DCEC /* Debug */ = {
			isa = XCBuildConfiguration;
			baseConfigurationReference = D0322E5CA941507591B2D642 /* Pods-IndigoOmtIosLibrary_IntegrationTests.debug.xcconfig */;
			buildSettings = {
				ALWAYS_EMBED_SWIFT_STANDARD_LIBRARIES = YES;
				CLANG_ANALYZER_NONNULL = YES;
				CLANG_ANALYZER_NUMBER_OBJECT_CONVERSION = YES_AGGRESSIVE;
				CLANG_WARN_DOCUMENTATION_COMMENTS = YES;
				CLANG_WARN_INFINITE_RECURSION = YES;
				CLANG_WARN_SUSPICIOUS_MOVE = YES;
				DEBUG_INFORMATION_FORMAT = dwarf;
				DEVELOPMENT_TEAM = "";
				INFOPLIST_FILE = Tests/IntegrationTestsInfo.plist;
				IPHONEOS_DEPLOYMENT_TARGET = 10.3;
				LD_RUNPATH_SEARCH_PATHS = "$(inherited) @executable_path/Frameworks @loader_path/Frameworks";
				PRODUCT_BUNDLE_IDENTIFIER = "pl.psnc.IndigoOmtIosLibrary-IntegrationTests";
				PRODUCT_NAME = "$(TARGET_NAME)";
				PROVISIONING_PROFILE_SPECIFIER = "";
				SWIFT_ACTIVE_COMPILATION_CONDITIONS = DEBUG;
				SWIFT_VERSION = 3.0;
				TEST_HOST = "$(BUILT_PRODUCTS_DIR)/IndigoOmtIosLibrary_ExampleIntegration.app/IndigoOmtIosLibrary_ExampleIntegration";
			};
			name = Debug;
		};
		D7083E541E9235F70024DCEC /* Release */ = {
			isa = XCBuildConfiguration;
			baseConfigurationReference = F43332C1569895A3B69C5105 /* Pods-IndigoOmtIosLibrary_IntegrationTests.release.xcconfig */;
			buildSettings = {
				ALWAYS_EMBED_SWIFT_STANDARD_LIBRARIES = YES;
				CLANG_ANALYZER_NONNULL = YES;
				CLANG_ANALYZER_NUMBER_OBJECT_CONVERSION = YES_AGGRESSIVE;
				CLANG_WARN_DOCUMENTATION_COMMENTS = YES;
				CLANG_WARN_INFINITE_RECURSION = YES;
				CLANG_WARN_SUSPICIOUS_MOVE = YES;
				DEVELOPMENT_TEAM = "";
				INFOPLIST_FILE = Tests/IntegrationTestsInfo.plist;
				IPHONEOS_DEPLOYMENT_TARGET = 10.3;
				LD_RUNPATH_SEARCH_PATHS = "$(inherited) @executable_path/Frameworks @loader_path/Frameworks";
				PRODUCT_BUNDLE_IDENTIFIER = "pl.psnc.IndigoOmtIosLibrary-IntegrationTests";
				PRODUCT_NAME = "$(TARGET_NAME)";
				PROVISIONING_PROFILE_SPECIFIER = "";
				SWIFT_OPTIMIZATION_LEVEL = "-Owholemodule";
				SWIFT_VERSION = 3.0;
				TEST_HOST = "$(BUILT_PRODUCTS_DIR)/IndigoOmtIosLibrary_ExampleIntegration.app/IndigoOmtIosLibrary_ExampleIntegration";
			};
			name = Release;
		};
/* End XCBuildConfiguration section */

/* Begin XCConfigurationList section */
		607FACCB1AFB9204008FA782 /* Build configuration list for PBXProject "IndigoOmtIosLibrary" */ = {
			isa = XCConfigurationList;
			buildConfigurations = (
				607FACED1AFB9204008FA782 /* Debug */,
				607FACEE1AFB9204008FA782 /* Release */,
			);
			defaultConfigurationIsVisible = 0;
			defaultConfigurationName = Release;
		};
		607FACEF1AFB9204008FA782 /* Build configuration list for PBXNativeTarget "IndigoOmtIosLibrary_Example" */ = {
			isa = XCConfigurationList;
			buildConfigurations = (
				607FACF01AFB9204008FA782 /* Debug */,
				607FACF11AFB9204008FA782 /* Release */,
			);
			defaultConfigurationIsVisible = 0;
			defaultConfigurationName = Release;
		};
		607FACF21AFB9204008FA782 /* Build configuration list for PBXNativeTarget "IndigoOmtIosLibrary_UnitTests" */ = {
			isa = XCConfigurationList;
			buildConfigurations = (
				607FACF31AFB9204008FA782 /* Debug */,
				607FACF41AFB9204008FA782 /* Release */,
			);
			defaultConfigurationIsVisible = 0;
			defaultConfigurationName = Release;
		};
		D7083E421E9235C30024DCEC /* Build configuration list for PBXNativeTarget "IndigoOmtIosLibrary_ExampleIntegration" */ = {
			isa = XCConfigurationList;
			buildConfigurations = (
				D7083E431E9235C30024DCEC /* Debug */,
				D7083E441E9235C30024DCEC /* Release */,
			);
			defaultConfigurationIsVisible = 0;
			defaultConfigurationName = Release;
		};
		D7083E521E9235F70024DCEC /* Build configuration list for PBXNativeTarget "IndigoOmtIosLibrary_IntegrationTests" */ = {
			isa = XCConfigurationList;
			buildConfigurations = (
				D7083E531E9235F70024DCEC /* Debug */,
				D7083E541E9235F70024DCEC /* Release */,
			);
			defaultConfigurationIsVisible = 0;
			defaultConfigurationName = Release;
		};
/* End XCConfigurationList section */
	};
	rootObject = 607FACC81AFB9204008FA782 /* Project object */;
}
